// !$*UTF8*$!
{
	archiveVersion = 1;
	classes = {
	};
	objectVersion = 46;
	objects = {

/* Begin PBXBuildFile section */
		1AFCA9171EB70981900C5FDB /* libPods-SwoleTests.a in Frameworks */ = {isa = PBXBuildFile; fileRef = 56E2250A380773DC044E11CC /* libPods-SwoleTests.a */; };
		4A2294641AF1E8E6004C15FD /* ZSSMuscleGroupTableViewController.swift in Sources */ = {isa = PBXBuildFile; fileRef = 4A2294631AF1E8E6004C15FD /* ZSSMuscleGroupTableViewController.swift */; };
		4A2294671AF1E9F1004C15FD /* SelectionCell.swift in Sources */ = {isa = PBXBuildFile; fileRef = 4A2294651AF1E9F1004C15FD /* SelectionCell.swift */; };
		4A2294681AF1E9F1004C15FD /* SelectionCell.xib in Resources */ = {isa = PBXBuildFile; fileRef = 4A2294661AF1E9F1004C15FD /* SelectionCell.xib */; };
		4A3BC6011AF1501000043291 /* ZSSMuscleGroupStore.m in Sources */ = {isa = PBXBuildFile; fileRef = 4A3BC6001AF1501000043291 /* ZSSMuscleGroupStore.m */; };
		4A3BC6041AF1767600043291 /* Swole.xcdatamodeld in Sources */ = {isa = PBXBuildFile; fileRef = 4A3BC6021AF1767600043291 /* Swole.xcdatamodeld */; };
		4A45AE311AF1405C0047EF8D /* main.m in Sources */ = {isa = PBXBuildFile; fileRef = 4A45AE301AF1405C0047EF8D /* main.m */; };
		4A45AE341AF1405C0047EF8D /* AppDelegate.m in Sources */ = {isa = PBXBuildFile; fileRef = 4A45AE331AF1405C0047EF8D /* AppDelegate.m */; };
		4A45AE3C1AF1405C0047EF8D /* Images.xcassets in Resources */ = {isa = PBXBuildFile; fileRef = 4A45AE3B1AF1405C0047EF8D /* Images.xcassets */; };
		4A45AE3F1AF1405C0047EF8D /* LaunchScreen.xib in Resources */ = {isa = PBXBuildFile; fileRef = 4A45AE3D1AF1405C0047EF8D /* LaunchScreen.xib */; };
		4A45AE4B1AF1405D0047EF8D /* SwoleTests.m in Sources */ = {isa = PBXBuildFile; fileRef = 4A45AE4A1AF1405D0047EF8D /* SwoleTests.m */; };
		4A45AE571AF141180047EF8D /* ZSSHomeViewController.m in Sources */ = {isa = PBXBuildFile; fileRef = 4A45AE551AF141180047EF8D /* ZSSHomeViewController.m */; };
		4A45AE581AF141180047EF8D /* ZSSHomeViewController.xib in Resources */ = {isa = PBXBuildFile; fileRef = 4A45AE561AF141180047EF8D /* ZSSHomeViewController.xib */; };
		4A4DAF4D1AF19F9600AE8C21 /* ZSSJournalTableViewController.m in Sources */ = {isa = PBXBuildFile; fileRef = 4A4DAF4C1AF19F9600AE8C21 /* ZSSJournalTableViewController.m */; };
		4A4DAF501AF1A35800AE8C21 /* ZSSJournalParentViewController.swift in Sources */ = {isa = PBXBuildFile; fileRef = 4A4DAF4F1AF1A35800AE8C21 /* ZSSJournalParentViewController.swift */; };
		4A4DAF521AF1AAF500AE8C21 /* ZSSHeaderView.xib in Resources */ = {isa = PBXBuildFile; fileRef = 4A4DAF511AF1AAF500AE8C21 /* ZSSHeaderView.xib */; };
		4A4DAF541AF1AC8C00AE8C21 /* ZSSHeaderView.swift in Sources */ = {isa = PBXBuildFile; fileRef = 4A4DAF531AF1AC8C00AE8C21 /* ZSSHeaderView.swift */; };
		4A4DAF561AF1BAD400AE8C21 /* UIColor+Hex.swift in Sources */ = {isa = PBXBuildFile; fileRef = 4A4DAF551AF1BAD400AE8C21 /* UIColor+Hex.swift */; };
		4A4DAF591AF1BDF500AE8C21 /* ExerciseCell.swift in Sources */ = {isa = PBXBuildFile; fileRef = 4A4DAF571AF1BDF500AE8C21 /* ExerciseCell.swift */; };
		4A4DAF5A1AF1BDF500AE8C21 /* ExerciseCell.xib in Resources */ = {isa = PBXBuildFile; fileRef = 4A4DAF581AF1BDF500AE8C21 /* ExerciseCell.xib */; };
		4A4DAF5D1AF1BE0800AE8C21 /* AddCell.swift in Sources */ = {isa = PBXBuildFile; fileRef = 4A4DAF5B1AF1BE0800AE8C21 /* AddCell.swift */; };
		4A4DAF5E1AF1BE0800AE8C21 /* AddCell.xib in Resources */ = {isa = PBXBuildFile; fileRef = 4A4DAF5C1AF1BE0800AE8C21 /* AddCell.xib */; };
		4AC77B691B0FC74D00672C4C /* ZSSExerciseDefinition.m in Sources */ = {isa = PBXBuildFile; fileRef = 4AC77B681B0FC74D00672C4C /* ZSSExerciseDefinition.m */; };
		4AC77B6C1B0FC74D00672C4C /* ZSSUser.m in Sources */ = {isa = PBXBuildFile; fileRef = 4AC77B6B1B0FC74D00672C4C /* ZSSUser.m */; };
		4AC77B6F1B0FC74D00672C4C /* ZSSMuscleGroup.m in Sources */ = {isa = PBXBuildFile; fileRef = 4AC77B6E1B0FC74D00672C4C /* ZSSMuscleGroup.m */; };
		4AC77B721B0FC74D00672C4C /* ZSSExercise.m in Sources */ = {isa = PBXBuildFile; fileRef = 4AC77B711B0FC74D00672C4C /* ZSSExercise.m */; };
		4AC77B751B0FC74D00672C4C /* ZSSSet.m in Sources */ = {isa = PBXBuildFile; fileRef = 4AC77B741B0FC74D00672C4C /* ZSSSet.m */; };
		4AC77B781B0FC74E00672C4C /* ZSSWorkout.m in Sources */ = {isa = PBXBuildFile; fileRef = 4AC77B771B0FC74E00672C4C /* ZSSWorkout.m */; };
		4AC77B7B1B0FC74E00672C4C /* ZSSWorkoutTemplate.m in Sources */ = {isa = PBXBuildFile; fileRef = 4AC77B7A1B0FC74E00672C4C /* ZSSWorkoutTemplate.m */; };
		4AE4012D1AF1EC3F00468A1F /* ZSSExerciseDefinitionTableViewController.swift in Sources */ = {isa = PBXBuildFile; fileRef = 4AE4012C1AF1EC3F00468A1F /* ZSSExerciseDefinitionTableViewController.swift */; };
		4AE401301AF3263E00468A1F /* SetCell.swift in Sources */ = {isa = PBXBuildFile; fileRef = 4AE4012E1AF3263E00468A1F /* SetCell.swift */; };
		4AE401311AF3263E00468A1F /* SetCell.xib in Resources */ = {isa = PBXBuildFile; fileRef = 4AE4012F1AF3263E00468A1F /* SetCell.xib */; };
		D485A6DBFD003981C24A206B /* libPods-Swole.a in Frameworks */ = {isa = PBXBuildFile; fileRef = 5908D2A147D61065C7BE367F /* libPods-Swole.a */; };
/* End PBXBuildFile section */

/* Begin PBXContainerItemProxy section */
		4A45AE451AF1405D0047EF8D /* PBXContainerItemProxy */ = {
			isa = PBXContainerItemProxy;
			containerPortal = 4A45AE231AF1405C0047EF8D /* Project object */;
			proxyType = 1;
			remoteGlobalIDString = 4A45AE2A1AF1405C0047EF8D;
			remoteInfo = Swole;
		};
/* End PBXContainerItemProxy section */

/* Begin PBXFileReference section */
		17FC1E18F77360522C650F26 /* Pods-Swole.release.xcconfig */ = {isa = PBXFileReference; includeInIndex = 1; lastKnownFileType = text.xcconfig; name = "Pods-Swole.release.xcconfig"; path = "Pods/Target Support Files/Pods-Swole/Pods-Swole.release.xcconfig"; sourceTree = "<group>"; };
		4A2294631AF1E8E6004C15FD /* ZSSMuscleGroupTableViewController.swift */ = {isa = PBXFileReference; fileEncoding = 4; lastKnownFileType = sourcecode.swift; path = ZSSMuscleGroupTableViewController.swift; sourceTree = "<group>"; };
		4A2294651AF1E9F1004C15FD /* SelectionCell.swift */ = {isa = PBXFileReference; fileEncoding = 4; lastKnownFileType = sourcecode.swift; path = SelectionCell.swift; sourceTree = "<group>"; };
		4A2294661AF1E9F1004C15FD /* SelectionCell.xib */ = {isa = PBXFileReference; fileEncoding = 4; lastKnownFileType = file.xib; path = SelectionCell.xib; sourceTree = "<group>"; };
		4A3BC5FF1AF1501000043291 /* ZSSMuscleGroupStore.h */ = {isa = PBXFileReference; fileEncoding = 4; lastKnownFileType = sourcecode.c.h; path = ZSSMuscleGroupStore.h; sourceTree = "<group>"; };
		4A3BC6001AF1501000043291 /* ZSSMuscleGroupStore.m */ = {isa = PBXFileReference; fileEncoding = 4; lastKnownFileType = sourcecode.c.objc; path = ZSSMuscleGroupStore.m; sourceTree = "<group>"; };
		4A3BC6031AF1767600043291 /* Swole.xcdatamodel */ = {isa = PBXFileReference; lastKnownFileType = wrapper.xcdatamodel; path = Swole.xcdatamodel; sourceTree = "<group>"; };
		4A45AE2B1AF1405C0047EF8D /* Swole.app */ = {isa = PBXFileReference; explicitFileType = wrapper.application; includeInIndex = 0; path = Swole.app; sourceTree = BUILT_PRODUCTS_DIR; };
		4A45AE2F1AF1405C0047EF8D /* Info.plist */ = {isa = PBXFileReference; lastKnownFileType = text.plist.xml; path = Info.plist; sourceTree = "<group>"; };
		4A45AE301AF1405C0047EF8D /* main.m */ = {isa = PBXFileReference; lastKnownFileType = sourcecode.c.objc; path = main.m; sourceTree = "<group>"; };
		4A45AE321AF1405C0047EF8D /* AppDelegate.h */ = {isa = PBXFileReference; lastKnownFileType = sourcecode.c.h; path = AppDelegate.h; sourceTree = "<group>"; };
		4A45AE331AF1405C0047EF8D /* AppDelegate.m */ = {isa = PBXFileReference; lastKnownFileType = sourcecode.c.objc; path = AppDelegate.m; sourceTree = "<group>"; };
		4A45AE3B1AF1405C0047EF8D /* Images.xcassets */ = {isa = PBXFileReference; lastKnownFileType = folder.assetcatalog; path = Images.xcassets; sourceTree = "<group>"; };
		4A45AE3E1AF1405C0047EF8D /* Base */ = {isa = PBXFileReference; lastKnownFileType = file.xib; name = Base; path = Base.lproj/LaunchScreen.xib; sourceTree = "<group>"; };
		4A45AE441AF1405D0047EF8D /* SwoleTests.xctest */ = {isa = PBXFileReference; explicitFileType = wrapper.cfbundle; includeInIndex = 0; path = SwoleTests.xctest; sourceTree = BUILT_PRODUCTS_DIR; };
		4A45AE491AF1405D0047EF8D /* Info.plist */ = {isa = PBXFileReference; lastKnownFileType = text.plist.xml; path = Info.plist; sourceTree = "<group>"; };
		4A45AE4A1AF1405D0047EF8D /* SwoleTests.m */ = {isa = PBXFileReference; lastKnownFileType = sourcecode.c.objc; path = SwoleTests.m; sourceTree = "<group>"; };
		4A45AE541AF141180047EF8D /* ZSSHomeViewController.h */ = {isa = PBXFileReference; fileEncoding = 4; lastKnownFileType = sourcecode.c.h; path = ZSSHomeViewController.h; sourceTree = "<group>"; };
		4A45AE551AF141180047EF8D /* ZSSHomeViewController.m */ = {isa = PBXFileReference; fileEncoding = 4; lastKnownFileType = sourcecode.c.objc; path = ZSSHomeViewController.m; sourceTree = "<group>"; };
		4A45AE561AF141180047EF8D /* ZSSHomeViewController.xib */ = {isa = PBXFileReference; fileEncoding = 4; lastKnownFileType = file.xib; path = ZSSHomeViewController.xib; sourceTree = "<group>"; };
		4A4DAF4B1AF19F9600AE8C21 /* ZSSJournalTableViewController.h */ = {isa = PBXFileReference; fileEncoding = 4; lastKnownFileType = sourcecode.c.h; path = ZSSJournalTableViewController.h; sourceTree = "<group>"; };
		4A4DAF4C1AF19F9600AE8C21 /* ZSSJournalTableViewController.m */ = {isa = PBXFileReference; fileEncoding = 4; lastKnownFileType = sourcecode.c.objc; path = ZSSJournalTableViewController.m; sourceTree = "<group>"; };
		4A4DAF4E1AF1A35700AE8C21 /* Swole-Bridging-Header.h */ = {isa = PBXFileReference; lastKnownFileType = sourcecode.c.h; path = "Swole-Bridging-Header.h"; sourceTree = "<group>"; };
		4A4DAF4F1AF1A35800AE8C21 /* ZSSJournalParentViewController.swift */ = {isa = PBXFileReference; fileEncoding = 4; lastKnownFileType = sourcecode.swift; path = ZSSJournalParentViewController.swift; sourceTree = "<group>"; };
		4A4DAF511AF1AAF500AE8C21 /* ZSSHeaderView.xib */ = {isa = PBXFileReference; fileEncoding = 4; lastKnownFileType = file.xib; path = ZSSHeaderView.xib; sourceTree = "<group>"; };
		4A4DAF531AF1AC8C00AE8C21 /* ZSSHeaderView.swift */ = {isa = PBXFileReference; fileEncoding = 4; lastKnownFileType = sourcecode.swift; path = ZSSHeaderView.swift; sourceTree = "<group>"; };
		4A4DAF551AF1BAD400AE8C21 /* UIColor+Hex.swift */ = {isa = PBXFileReference; fileEncoding = 4; lastKnownFileType = sourcecode.swift; path = "UIColor+Hex.swift"; sourceTree = "<group>"; };
		4A4DAF571AF1BDF500AE8C21 /* ExerciseCell.swift */ = {isa = PBXFileReference; fileEncoding = 4; lastKnownFileType = sourcecode.swift; path = ExerciseCell.swift; sourceTree = "<group>"; };
		4A4DAF581AF1BDF500AE8C21 /* ExerciseCell.xib */ = {isa = PBXFileReference; fileEncoding = 4; lastKnownFileType = file.xib; path = ExerciseCell.xib; sourceTree = "<group>"; };
		4A4DAF5B1AF1BE0800AE8C21 /* AddCell.swift */ = {isa = PBXFileReference; fileEncoding = 4; lastKnownFileType = sourcecode.swift; path = AddCell.swift; sourceTree = "<group>"; };
		4A4DAF5C1AF1BE0800AE8C21 /* AddCell.xib */ = {isa = PBXFileReference; fileEncoding = 4; lastKnownFileType = file.xib; path = AddCell.xib; sourceTree = "<group>"; };
		4AC77B671B0FC74D00672C4C /* ZSSExerciseDefinition.h */ = {isa = PBXFileReference; fileEncoding = 4; lastKnownFileType = sourcecode.c.h; path = ZSSExerciseDefinition.h; sourceTree = "<group>"; };
		4AC77B681B0FC74D00672C4C /* ZSSExerciseDefinition.m */ = {isa = PBXFileReference; fileEncoding = 4; lastKnownFileType = sourcecode.c.objc; path = ZSSExerciseDefinition.m; sourceTree = "<group>"; };
		4AC77B6A1B0FC74D00672C4C /* ZSSUser.h */ = {isa = PBXFileReference; fileEncoding = 4; lastKnownFileType = sourcecode.c.h; path = ZSSUser.h; sourceTree = "<group>"; };
		4AC77B6B1B0FC74D00672C4C /* ZSSUser.m */ = {isa = PBXFileReference; fileEncoding = 4; lastKnownFileType = sourcecode.c.objc; path = ZSSUser.m; sourceTree = "<group>"; };
		4AC77B6D1B0FC74D00672C4C /* ZSSMuscleGroup.h */ = {isa = PBXFileReference; fileEncoding = 4; lastKnownFileType = sourcecode.c.h; path = ZSSMuscleGroup.h; sourceTree = "<group>"; };
		4AC77B6E1B0FC74D00672C4C /* ZSSMuscleGroup.m */ = {isa = PBXFileReference; fileEncoding = 4; lastKnownFileType = sourcecode.c.objc; path = ZSSMuscleGroup.m; sourceTree = "<group>"; };
		4AC77B701B0FC74D00672C4C /* ZSSExercise.h */ = {isa = PBXFileReference; fileEncoding = 4; lastKnownFileType = sourcecode.c.h; path = ZSSExercise.h; sourceTree = "<group>"; };
		4AC77B711B0FC74D00672C4C /* ZSSExercise.m */ = {isa = PBXFileReference; fileEncoding = 4; lastKnownFileType = sourcecode.c.objc; path = ZSSExercise.m; sourceTree = "<group>"; };
		4AC77B731B0FC74D00672C4C /* ZSSSet.h */ = {isa = PBXFileReference; fileEncoding = 4; lastKnownFileType = sourcecode.c.h; path = ZSSSet.h; sourceTree = "<group>"; };
		4AC77B741B0FC74D00672C4C /* ZSSSet.m */ = {isa = PBXFileReference; fileEncoding = 4; lastKnownFileType = sourcecode.c.objc; path = ZSSSet.m; sourceTree = "<group>"; };
		4AC77B761B0FC74E00672C4C /* ZSSWorkout.h */ = {isa = PBXFileReference; fileEncoding = 4; lastKnownFileType = sourcecode.c.h; path = ZSSWorkout.h; sourceTree = "<group>"; };
		4AC77B771B0FC74E00672C4C /* ZSSWorkout.m */ = {isa = PBXFileReference; fileEncoding = 4; lastKnownFileType = sourcecode.c.objc; path = ZSSWorkout.m; sourceTree = "<group>"; };
		4AC77B791B0FC74E00672C4C /* ZSSWorkoutTemplate.h */ = {isa = PBXFileReference; fileEncoding = 4; lastKnownFileType = sourcecode.c.h; path = ZSSWorkoutTemplate.h; sourceTree = "<group>"; };
		4AC77B7A1B0FC74E00672C4C /* ZSSWorkoutTemplate.m */ = {isa = PBXFileReference; fileEncoding = 4; lastKnownFileType = sourcecode.c.objc; path = ZSSWorkoutTemplate.m; sourceTree = "<group>"; };
		4AE4012C1AF1EC3F00468A1F /* ZSSExerciseDefinitionTableViewController.swift */ = {isa = PBXFileReference; fileEncoding = 4; lastKnownFileType = sourcecode.swift; path = ZSSExerciseDefinitionTableViewController.swift; sourceTree = "<group>"; };
		4AE4012E1AF3263E00468A1F /* SetCell.swift */ = {isa = PBXFileReference; fileEncoding = 4; lastKnownFileType = sourcecode.swift; path = SetCell.swift; sourceTree = "<group>"; };
		4AE4012F1AF3263E00468A1F /* SetCell.xib */ = {isa = PBXFileReference; fileEncoding = 4; lastKnownFileType = file.xib; path = SetCell.xib; sourceTree = "<group>"; };
		56E2250A380773DC044E11CC /* libPods-SwoleTests.a */ = {isa = PBXFileReference; explicitFileType = archive.ar; includeInIndex = 0; path = "libPods-SwoleTests.a"; sourceTree = BUILT_PRODUCTS_DIR; };
		5908D2A147D61065C7BE367F /* libPods-Swole.a */ = {isa = PBXFileReference; explicitFileType = archive.ar; includeInIndex = 0; path = "libPods-Swole.a"; sourceTree = BUILT_PRODUCTS_DIR; };
		762872CC0CA1B56AFDC34325 /* Pods-SwoleTests.release.xcconfig */ = {isa = PBXFileReference; includeInIndex = 1; lastKnownFileType = text.xcconfig; name = "Pods-SwoleTests.release.xcconfig"; path = "Pods/Target Support Files/Pods-SwoleTests/Pods-SwoleTests.release.xcconfig"; sourceTree = "<group>"; };
		A0AE341EDB9B6A0718B96202 /* Pods-Swole.debug.xcconfig */ = {isa = PBXFileReference; includeInIndex = 1; lastKnownFileType = text.xcconfig; name = "Pods-Swole.debug.xcconfig"; path = "Pods/Target Support Files/Pods-Swole/Pods-Swole.debug.xcconfig"; sourceTree = "<group>"; };
		FE33375BF15A28C3559028E8 /* Pods-SwoleTests.debug.xcconfig */ = {isa = PBXFileReference; includeInIndex = 1; lastKnownFileType = text.xcconfig; name = "Pods-SwoleTests.debug.xcconfig"; path = "Pods/Target Support Files/Pods-SwoleTests/Pods-SwoleTests.debug.xcconfig"; sourceTree = "<group>"; };
/* End PBXFileReference section */

/* Begin PBXFrameworksBuildPhase section */
		4A45AE281AF1405C0047EF8D /* Frameworks */ = {
			isa = PBXFrameworksBuildPhase;
			buildActionMask = 2147483647;
			files = (
				D485A6DBFD003981C24A206B /* libPods-Swole.a in Frameworks */,
			);
			runOnlyForDeploymentPostprocessing = 0;
		};
		4A45AE411AF1405D0047EF8D /* Frameworks */ = {
			isa = PBXFrameworksBuildPhase;
			buildActionMask = 2147483647;
			files = (
				1AFCA9171EB70981900C5FDB /* libPods-SwoleTests.a in Frameworks */,
			);
			runOnlyForDeploymentPostprocessing = 0;
		};
/* End PBXFrameworksBuildPhase section */

/* Begin PBXGroup section */
		4A45AE221AF1405C0047EF8D = {
			isa = PBXGroup;
			children = (
				4A45AE2D1AF1405C0047EF8D /* Swole */,
				4A45AE471AF1405D0047EF8D /* SwoleTests */,
				4A45AE2C1AF1405C0047EF8D /* Products */,
				7B751A72200FDE8A906A07DB /* Pods */,
				5BAD850D1DBCF69E78F6DD8C /* Frameworks */,
			);
			sourceTree = "<group>";
		};
		4A45AE2C1AF1405C0047EF8D /* Products */ = {
			isa = PBXGroup;
			children = (
				4A45AE2B1AF1405C0047EF8D /* Swole.app */,
				4A45AE441AF1405D0047EF8D /* SwoleTests.xctest */,
			);
			name = Products;
			sourceTree = "<group>";
		};
		4A45AE2D1AF1405C0047EF8D /* Swole */ = {
			isa = PBXGroup;
			children = (
				4A45AE321AF1405C0047EF8D /* AppDelegate.h */,
				4A45AE331AF1405C0047EF8D /* AppDelegate.m */,
				4A45AE591AF1411F0047EF8D /* Home */,
				4A45AE3B1AF1405C0047EF8D /* Images.xcassets */,
				4A45AE3D1AF1405C0047EF8D /* LaunchScreen.xib */,
				4A45AE2E1AF1405C0047EF8D /* Supporting Files */,
			);
			path = Swole;
			sourceTree = "<group>";
		};
		4A45AE2E1AF1405C0047EF8D /* Supporting Files */ = {
			isa = PBXGroup;
			children = (
				4A45AE2F1AF1405C0047EF8D /* Info.plist */,
				4A45AE301AF1405C0047EF8D /* main.m */,
			);
			name = "Supporting Files";
			sourceTree = "<group>";
		};
		4A45AE471AF1405D0047EF8D /* SwoleTests */ = {
			isa = PBXGroup;
			children = (
				4A45AE4A1AF1405D0047EF8D /* SwoleTests.m */,
				4A45AE481AF1405D0047EF8D /* Supporting Files */,
			);
			path = SwoleTests;
			sourceTree = "<group>";
		};
		4A45AE481AF1405D0047EF8D /* Supporting Files */ = {
			isa = PBXGroup;
			children = (
				4A45AE491AF1405D0047EF8D /* Info.plist */,
			);
			name = "Supporting Files";
			sourceTree = "<group>";
		};
		4A45AE591AF1411F0047EF8D /* Home */ = {
			isa = PBXGroup;
			children = (
				4A3BC6021AF1767600043291 /* Swole.xcdatamodeld */,
				4AC77B7C1B0FC75D00672C4C /* CD NSMangedObject Sublcasses */,
				4A4DAF551AF1BAD400AE8C21 /* UIColor+Hex.swift */,
				4A45AE541AF141180047EF8D /* ZSSHomeViewController.h */,
				4A45AE551AF141180047EF8D /* ZSSHomeViewController.m */,
				4A45AE561AF141180047EF8D /* ZSSHomeViewController.xib */,
				4A4DAF571AF1BDF500AE8C21 /* ExerciseCell.swift */,
				4A4DAF581AF1BDF500AE8C21 /* ExerciseCell.xib */,
				4A2294651AF1E9F1004C15FD /* SelectionCell.swift */,
				4A2294661AF1E9F1004C15FD /* SelectionCell.xib */,
				4A4DAF5B1AF1BE0800AE8C21 /* AddCell.swift */,
				4A4DAF5C1AF1BE0800AE8C21 /* AddCell.xib */,
				4A4DAF511AF1AAF500AE8C21 /* ZSSHeaderView.xib */,
				4A3BC5FF1AF1501000043291 /* ZSSMuscleGroupStore.h */,
				4A3BC6001AF1501000043291 /* ZSSMuscleGroupStore.m */,
				4A4DAF531AF1AC8C00AE8C21 /* ZSSHeaderView.swift */,
				4A4DAF4F1AF1A35800AE8C21 /* ZSSJournalParentViewController.swift */,
				4A4DAF4B1AF19F9600AE8C21 /* ZSSJournalTableViewController.h */,
				4A4DAF4C1AF19F9600AE8C21 /* ZSSJournalTableViewController.m */,
				4AE4012E1AF3263E00468A1F /* SetCell.swift */,
				4AE4012F1AF3263E00468A1F /* SetCell.xib */,
				4A2294631AF1E8E6004C15FD /* ZSSMuscleGroupTableViewController.swift */,
				4AE4012C1AF1EC3F00468A1F /* ZSSExerciseDefinitionTableViewController.swift */,
				4A4DAF4E1AF1A35700AE8C21 /* Swole-Bridging-Header.h */,
			);
			name = Home;
			sourceTree = "<group>";
		};
		4AC77B7C1B0FC75D00672C4C /* CD NSMangedObject Sublcasses */ = {
			isa = PBXGroup;
			children = (
				4AC77B791B0FC74E00672C4C /* ZSSWorkoutTemplate.h */,
				4AC77B7A1B0FC74E00672C4C /* ZSSWorkoutTemplate.m */,
				4AC77B761B0FC74E00672C4C /* ZSSWorkout.h */,
				4AC77B771B0FC74E00672C4C /* ZSSWorkout.m */,
				4AC77B731B0FC74D00672C4C /* ZSSSet.h */,
				4AC77B741B0FC74D00672C4C /* ZSSSet.m */,
				4AC77B701B0FC74D00672C4C /* ZSSExercise.h */,
				4AC77B711B0FC74D00672C4C /* ZSSExercise.m */,
				4AC77B6D1B0FC74D00672C4C /* ZSSMuscleGroup.h */,
				4AC77B6E1B0FC74D00672C4C /* ZSSMuscleGroup.m */,
				4AC77B6A1B0FC74D00672C4C /* ZSSUser.h */,
				4AC77B6B1B0FC74D00672C4C /* ZSSUser.m */,
				4AC77B671B0FC74D00672C4C /* ZSSExerciseDefinition.h */,
				4AC77B681B0FC74D00672C4C /* ZSSExerciseDefinition.m */,
			);
			name = "CD NSMangedObject Sublcasses";
			sourceTree = "<group>";
		};
		5BAD850D1DBCF69E78F6DD8C /* Frameworks */ = {
			isa = PBXGroup;
			children = (
				5908D2A147D61065C7BE367F /* libPods-Swole.a */,
				56E2250A380773DC044E11CC /* libPods-SwoleTests.a */,
			);
			name = Frameworks;
			sourceTree = "<group>";
		};
		7B751A72200FDE8A906A07DB /* Pods */ = {
			isa = PBXGroup;
			children = (
				A0AE341EDB9B6A0718B96202 /* Pods-Swole.debug.xcconfig */,
				17FC1E18F77360522C650F26 /* Pods-Swole.release.xcconfig */,
				FE33375BF15A28C3559028E8 /* Pods-SwoleTests.debug.xcconfig */,
				762872CC0CA1B56AFDC34325 /* Pods-SwoleTests.release.xcconfig */,
			);
			name = Pods;
			sourceTree = "<group>";
		};
/* End PBXGroup section */

/* Begin PBXNativeTarget section */
		4A45AE2A1AF1405C0047EF8D /* Swole */ = {
			isa = PBXNativeTarget;
			buildConfigurationList = 4A45AE4E1AF1405D0047EF8D /* Build configuration list for PBXNativeTarget "Swole" */;
			buildPhases = (
				465B1FD8C610934D0962598D /* Check Pods Manifest.lock */,
				4A45AE271AF1405C0047EF8D /* Sources */,
				4A45AE281AF1405C0047EF8D /* Frameworks */,
				4A45AE291AF1405C0047EF8D /* Resources */,
				43203E48E4A2C36C6387779D /* Copy Pods Resources */,
			);
			buildRules = (
			);
			dependencies = (
			);
			name = Swole;
			productName = Swole;
			productReference = 4A45AE2B1AF1405C0047EF8D /* Swole.app */;
			productType = "com.apple.product-type.application";
		};
		4A45AE431AF1405D0047EF8D /* SwoleTests */ = {
			isa = PBXNativeTarget;
			buildConfigurationList = 4A45AE511AF1405D0047EF8D /* Build configuration list for PBXNativeTarget "SwoleTests" */;
			buildPhases = (
				F484C498C9E0DD33B87592EA /* Check Pods Manifest.lock */,
				4A45AE401AF1405D0047EF8D /* Sources */,
				4A45AE411AF1405D0047EF8D /* Frameworks */,
				4A45AE421AF1405D0047EF8D /* Resources */,
				16EB7DF8114AA413D8FBDABB /* Copy Pods Resources */,
			);
			buildRules = (
			);
			dependencies = (
				4A45AE461AF1405D0047EF8D /* PBXTargetDependency */,
			);
			name = SwoleTests;
			productName = SwoleTests;
			productReference = 4A45AE441AF1405D0047EF8D /* SwoleTests.xctest */;
			productType = "com.apple.product-type.bundle.unit-test";
		};
/* End PBXNativeTarget section */

/* Begin PBXProject section */
		4A45AE231AF1405C0047EF8D /* Project object */ = {
			isa = PBXProject;
			attributes = {
				LastUpgradeCheck = 0630;
				ORGANIZATIONNAME = "Zachary Shakked";
				TargetAttributes = {
					4A45AE2A1AF1405C0047EF8D = {
						CreatedOnToolsVersion = 6.3.1;
					};
					4A45AE431AF1405D0047EF8D = {
						CreatedOnToolsVersion = 6.3.1;
						TestTargetID = 4A45AE2A1AF1405C0047EF8D;
					};
				};
			};
			buildConfigurationList = 4A45AE261AF1405C0047EF8D /* Build configuration list for PBXProject "Swole" */;
			compatibilityVersion = "Xcode 3.2";
			developmentRegion = English;
			hasScannedForEncodings = 0;
			knownRegions = (
				en,
				Base,
			);
			mainGroup = 4A45AE221AF1405C0047EF8D;
			productRefGroup = 4A45AE2C1AF1405C0047EF8D /* Products */;
			projectDirPath = "";
			projectRoot = "";
			targets = (
				4A45AE2A1AF1405C0047EF8D /* Swole */,
				4A45AE431AF1405D0047EF8D /* SwoleTests */,
			);
		};
/* End PBXProject section */

/* Begin PBXResourcesBuildPhase section */
		4A45AE291AF1405C0047EF8D /* Resources */ = {
			isa = PBXResourcesBuildPhase;
			buildActionMask = 2147483647;
			files = (
				4AE401311AF3263E00468A1F /* SetCell.xib in Resources */,
				4A45AE3F1AF1405C0047EF8D /* LaunchScreen.xib in Resources */,
				4A4DAF5E1AF1BE0800AE8C21 /* AddCell.xib in Resources */,
				4A45AE3C1AF1405C0047EF8D /* Images.xcassets in Resources */,
				4A4DAF5A1AF1BDF500AE8C21 /* ExerciseCell.xib in Resources */,
				4A4DAF521AF1AAF500AE8C21 /* ZSSHeaderView.xib in Resources */,
				4A45AE581AF141180047EF8D /* ZSSHomeViewController.xib in Resources */,
				4A2294681AF1E9F1004C15FD /* SelectionCell.xib in Resources */,
			);
			runOnlyForDeploymentPostprocessing = 0;
		};
		4A45AE421AF1405D0047EF8D /* Resources */ = {
			isa = PBXResourcesBuildPhase;
			buildActionMask = 2147483647;
			files = (
			);
			runOnlyForDeploymentPostprocessing = 0;
		};
/* End PBXResourcesBuildPhase section */

/* Begin PBXShellScriptBuildPhase section */
		16EB7DF8114AA413D8FBDABB /* Copy Pods Resources */ = {
			isa = PBXShellScriptBuildPhase;
			buildActionMask = 2147483647;
			files = (
			);
			inputPaths = (
			);
			name = "Copy Pods Resources";
			outputPaths = (
			);
			runOnlyForDeploymentPostprocessing = 0;
			shellPath = /bin/sh;
			shellScript = "\"${SRCROOT}/Pods/Target Support Files/Pods-SwoleTests/Pods-SwoleTests-resources.sh\"\n";
			showEnvVarsInLog = 0;
		};
		43203E48E4A2C36C6387779D /* Copy Pods Resources */ = {
			isa = PBXShellScriptBuildPhase;
			buildActionMask = 2147483647;
			files = (
			);
			inputPaths = (
			);
			name = "Copy Pods Resources";
			outputPaths = (
			);
			runOnlyForDeploymentPostprocessing = 0;
			shellPath = /bin/sh;
			shellScript = "\"${SRCROOT}/Pods/Target Support Files/Pods-Swole/Pods-Swole-resources.sh\"\n";
			showEnvVarsInLog = 0;
		};
		465B1FD8C610934D0962598D /* Check Pods Manifest.lock */ = {
			isa = PBXShellScriptBuildPhase;
			buildActionMask = 2147483647;
			files = (
			);
			inputPaths = (
			);
			name = "Check Pods Manifest.lock";
			outputPaths = (
			);
			runOnlyForDeploymentPostprocessing = 0;
			shellPath = /bin/sh;
			shellScript = "diff \"${PODS_ROOT}/../Podfile.lock\" \"${PODS_ROOT}/Manifest.lock\" > /dev/null\nif [[ $? != 0 ]] ; then\n    cat << EOM\nerror: The sandbox is not in sync with the Podfile.lock. Run 'pod install' or update your CocoaPods installation.\nEOM\n    exit 1\nfi\n";
			showEnvVarsInLog = 0;
		};
		F484C498C9E0DD33B87592EA /* Check Pods Manifest.lock */ = {
			isa = PBXShellScriptBuildPhase;
			buildActionMask = 2147483647;
			files = (
			);
			inputPaths = (
			);
			name = "Check Pods Manifest.lock";
			outputPaths = (
			);
			runOnlyForDeploymentPostprocessing = 0;
			shellPath = /bin/sh;
			shellScript = "diff \"${PODS_ROOT}/../Podfile.lock\" \"${PODS_ROOT}/Manifest.lock\" > /dev/null\nif [[ $? != 0 ]] ; then\n    cat << EOM\nerror: The sandbox is not in sync with the Podfile.lock. Run 'pod install' or update your CocoaPods installation.\nEOM\n    exit 1\nfi\n";
			showEnvVarsInLog = 0;
		};
/* End PBXShellScriptBuildPhase section */

/* Begin PBXSourcesBuildPhase section */
		4A45AE271AF1405C0047EF8D /* Sources */ = {
			isa = PBXSourcesBuildPhase;
			buildActionMask = 2147483647;
			files = (
				4AE401301AF3263E00468A1F /* SetCell.swift in Sources */,
				4AE4012D1AF1EC3F00468A1F /* ZSSExerciseDefinitionTableViewController.swift in Sources */,
				4A4DAF5D1AF1BE0800AE8C21 /* AddCell.swift in Sources */,
				4AC77B691B0FC74D00672C4C /* ZSSExerciseDefinition.m in Sources */,
				4A2294671AF1E9F1004C15FD /* SelectionCell.swift in Sources */,
				4A3BC6041AF1767600043291 /* Swole.xcdatamodeld in Sources */,
				4A45AE571AF141180047EF8D /* ZSSHomeViewController.m in Sources */,
				4A4DAF501AF1A35800AE8C21 /* ZSSJournalParentViewController.swift in Sources */,
				4AC77B6C1B0FC74D00672C4C /* ZSSUser.m in Sources */,
				4A4DAF541AF1AC8C00AE8C21 /* ZSSHeaderView.swift in Sources */,
				4AC77B7B1B0FC74E00672C4C /* ZSSWorkoutTemplate.m in Sources */,
				4A2294641AF1E8E6004C15FD /* ZSSMuscleGroupTableViewController.swift in Sources */,
				4AC77B781B0FC74E00672C4C /* ZSSWorkout.m in Sources */,
				4A45AE341AF1405C0047EF8D /* AppDelegate.m in Sources */,
				4A4DAF561AF1BAD400AE8C21 /* UIColor+Hex.swift in Sources */,
				4AC77B721B0FC74D00672C4C /* ZSSExercise.m in Sources */,
				4A4DAF591AF1BDF500AE8C21 /* ExerciseCell.swift in Sources */,
				4AC77B751B0FC74D00672C4C /* ZSSSet.m in Sources */,
				4A4DAF4D1AF19F9600AE8C21 /* ZSSJournalTableViewController.m in Sources */,
				4AC77B6F1B0FC74D00672C4C /* ZSSMuscleGroup.m in Sources */,
				4A3BC6011AF1501000043291 /* ZSSMuscleGroupStore.m in Sources */,
				4A45AE311AF1405C0047EF8D /* main.m in Sources */,
			);
			runOnlyForDeploymentPostprocessing = 0;
		};
		4A45AE401AF1405D0047EF8D /* Sources */ = {
			isa = PBXSourcesBuildPhase;
			buildActionMask = 2147483647;
			files = (
				4A45AE4B1AF1405D0047EF8D /* SwoleTests.m in Sources */,
			);
			runOnlyForDeploymentPostprocessing = 0;
		};
/* End PBXSourcesBuildPhase section */

/* Begin PBXTargetDependency section */
		4A45AE461AF1405D0047EF8D /* PBXTargetDependency */ = {
			isa = PBXTargetDependency;
			target = 4A45AE2A1AF1405C0047EF8D /* Swole */;
			targetProxy = 4A45AE451AF1405D0047EF8D /* PBXContainerItemProxy */;
		};
/* End PBXTargetDependency section */

/* Begin PBXVariantGroup section */
		4A45AE3D1AF1405C0047EF8D /* LaunchScreen.xib */ = {
			isa = PBXVariantGroup;
			children = (
				4A45AE3E1AF1405C0047EF8D /* Base */,
			);
			name = LaunchScreen.xib;
			sourceTree = "<group>";
		};
/* End PBXVariantGroup section */

/* Begin XCBuildConfiguration section */
		4A45AE4C1AF1405D0047EF8D /* Debug */ = {
			isa = XCBuildConfiguration;
			buildSettings = {
				ALWAYS_SEARCH_USER_PATHS = NO;
				CLANG_CXX_LANGUAGE_STANDARD = "gnu++0x";
				CLANG_CXX_LIBRARY = "libc++";
				CLANG_ENABLE_MODULES = YES;
				CLANG_ENABLE_OBJC_ARC = YES;
				CLANG_WARN_BOOL_CONVERSION = YES;
				CLANG_WARN_CONSTANT_CONVERSION = YES;
				CLANG_WARN_DIRECT_OBJC_ISA_USAGE = YES_ERROR;
				CLANG_WARN_EMPTY_BODY = YES;
				CLANG_WARN_ENUM_CONVERSION = YES;
				CLANG_WARN_INT_CONVERSION = YES;
				CLANG_WARN_OBJC_ROOT_CLASS = YES_ERROR;
				CLANG_WARN_UNREACHABLE_CODE = YES;
				CLANG_WARN__DUPLICATE_METHOD_MATCH = YES;
				"CODE_SIGN_IDENTITY[sdk=iphoneos*]" = "iPhone Developer";
				COPY_PHASE_STRIP = NO;
				DEBUG_INFORMATION_FORMAT = "dwarf-with-dsym";
				ENABLE_STRICT_OBJC_MSGSEND = YES;
				GCC_C_LANGUAGE_STANDARD = gnu99;
				GCC_DYNAMIC_NO_PIC = NO;
				GCC_NO_COMMON_BLOCKS = YES;
				GCC_OPTIMIZATION_LEVEL = 0;
				GCC_PREPROCESSOR_DEFINITIONS = (
					"DEBUG=1",
					"$(inherited)",
				);
				GCC_SYMBOLS_PRIVATE_EXTERN = NO;
				GCC_WARN_64_TO_32_BIT_CONVERSION = YES;
				GCC_WARN_ABOUT_RETURN_TYPE = YES_ERROR;
				GCC_WARN_UNDECLARED_SELECTOR = YES;
				GCC_WARN_UNINITIALIZED_AUTOS = YES_AGGRESSIVE;
				GCC_WARN_UNUSED_FUNCTION = YES;
				GCC_WARN_UNUSED_VARIABLE = YES;
				IPHONEOS_DEPLOYMENT_TARGET = 8.3;
				MTL_ENABLE_DEBUG_INFO = YES;
				ONLY_ACTIVE_ARCH = YES;
				SDKROOT = iphoneos;
			};
			name = Debug;
		};
		4A45AE4D1AF1405D0047EF8D /* Release */ = {
			isa = XCBuildConfiguration;
			buildSettings = {
				ALWAYS_SEARCH_USER_PATHS = NO;
				CLANG_CXX_LANGUAGE_STANDARD = "gnu++0x";
				CLANG_CXX_LIBRARY = "libc++";
				CLANG_ENABLE_MODULES = YES;
				CLANG_ENABLE_OBJC_ARC = YES;
				CLANG_WARN_BOOL_CONVERSION = YES;
				CLANG_WARN_CONSTANT_CONVERSION = YES;
				CLANG_WARN_DIRECT_OBJC_ISA_USAGE = YES_ERROR;
				CLANG_WARN_EMPTY_BODY = YES;
				CLANG_WARN_ENUM_CONVERSION = YES;
				CLANG_WARN_INT_CONVERSION = YES;
				CLANG_WARN_OBJC_ROOT_CLASS = YES_ERROR;
				CLANG_WARN_UNREACHABLE_CODE = YES;
				CLANG_WARN__DUPLICATE_METHOD_MATCH = YES;
				"CODE_SIGN_IDENTITY[sdk=iphoneos*]" = "iPhone Developer";
				COPY_PHASE_STRIP = NO;
				DEBUG_INFORMATION_FORMAT = "dwarf-with-dsym";
				ENABLE_NS_ASSERTIONS = NO;
				ENABLE_STRICT_OBJC_MSGSEND = YES;
				GCC_C_LANGUAGE_STANDARD = gnu99;
				GCC_NO_COMMON_BLOCKS = YES;
				GCC_WARN_64_TO_32_BIT_CONVERSION = YES;
				GCC_WARN_ABOUT_RETURN_TYPE = YES_ERROR;
				GCC_WARN_UNDECLARED_SELECTOR = YES;
				GCC_WARN_UNINITIALIZED_AUTOS = YES_AGGRESSIVE;
				GCC_WARN_UNUSED_FUNCTION = YES;
				GCC_WARN_UNUSED_VARIABLE = YES;
				IPHONEOS_DEPLOYMENT_TARGET = 8.3;
				MTL_ENABLE_DEBUG_INFO = NO;
				SDKROOT = iphoneos;
				VALIDATE_PRODUCT = YES;
			};
			name = Release;
		};
		4A45AE4F1AF1405D0047EF8D /* Debug */ = {
			isa = XCBuildConfiguration;
			baseConfigurationReference = A0AE341EDB9B6A0718B96202 /* Pods-Swole.debug.xcconfig */;
			buildSettings = {
				ASSETCATALOG_COMPILER_APPICON_NAME = AppIcon;
				CLANG_ENABLE_MODULES = YES;
				DEFINES_MODULE = YES;
				INFOPLIST_FILE = Swole/Info.plist;
				LD_RUNPATH_SEARCH_PATHS = "$(inherited) @executable_path/Frameworks";
				PRODUCT_NAME = "$(TARGET_NAME)";
				SWIFT_OBJC_BRIDGING_HEADER = "Swole/Swole-Bridging-Header.h";
				SWIFT_OPTIMIZATION_LEVEL = "-Onone";
			};
			name = Debug;
		};
		4A45AE501AF1405D0047EF8D /* Release */ = {
			isa = XCBuildConfiguration;
			baseConfigurationReference = 17FC1E18F77360522C650F26 /* Pods-Swole.release.xcconfig */;
			buildSettings = {
				ASSETCATALOG_COMPILER_APPICON_NAME = AppIcon;
				CLANG_ENABLE_MODULES = YES;
				DEFINES_MODULE = YES;
				INFOPLIST_FILE = Swole/Info.plist;
				LD_RUNPATH_SEARCH_PATHS = "$(inherited) @executable_path/Frameworks";
				PRODUCT_NAME = "$(TARGET_NAME)";
				SWIFT_OBJC_BRIDGING_HEADER = "Swole/Swole-Bridging-Header.h";
			};
			name = Release;
		};
		4A45AE521AF1405D0047EF8D /* Debug */ = {
			isa = XCBuildConfiguration;
			baseConfigurationReference = FE33375BF15A28C3559028E8 /* Pods-SwoleTests.debug.xcconfig */;
			buildSettings = {
				BUNDLE_LOADER = "$(TEST_HOST)";
				FRAMEWORK_SEARCH_PATHS = (
					"$(SDKROOT)/Developer/Library/Frameworks",
					"$(inherited)",
				);
				GCC_PREPROCESSOR_DEFINITIONS = (
					"DEBUG=1",
					"$(inherited)",
				);
				INFOPLIST_FILE = SwoleTests/Info.plist;
				LD_RUNPATH_SEARCH_PATHS = "$(inherited) @executable_path/Frameworks @loader_path/Frameworks";
				PRODUCT_NAME = "$(TARGET_NAME)";
				TEST_HOST = "$(BUILT_PRODUCTS_DIR)/Swole.app/Swole";
			};
			name = Debug;
		};
		4A45AE531AF1405D0047EF8D /* Release */ = {
			isa = XCBuildConfiguration;
			baseConfigurationReference = 762872CC0CA1B56AFDC34325 /* Pods-SwoleTests.release.xcconfig */;
			buildSettings = {
				BUNDLE_LOADER = "$(TEST_HOST)";
				FRAMEWORK_SEARCH_PATHS = (
					"$(SDKROOT)/Developer/Library/Frameworks",
					"$(inherited)",
				);
				INFOPLIST_FILE = SwoleTests/Info.plist;
				LD_RUNPATH_SEARCH_PATHS = "$(inherited) @executable_path/Frameworks @loader_path/Frameworks";
				PRODUCT_NAME = "$(TARGET_NAME)";
				TEST_HOST = "$(BUILT_PRODUCTS_DIR)/Swole.app/Swole";
			};
			name = Release;
		};
/* End XCBuildConfiguration section */

/* Begin XCConfigurationList section */
		4A45AE261AF1405C0047EF8D /* Build configuration list for PBXProject "Swole" */ = {
			isa = XCConfigurationList;
			buildConfigurations = (
				4A45AE4C1AF1405D0047EF8D /* Debug */,
				4A45AE4D1AF1405D0047EF8D /* Release */,
			);
			defaultConfigurationIsVisible = 0;
			defaultConfigurationName = Release;
		};
		4A45AE4E1AF1405D0047EF8D /* Build configuration list for PBXNativeTarget "Swole" */ = {
			isa = XCConfigurationList;
			buildConfigurations = (
				4A45AE4F1AF1405D0047EF8D /* Debug */,
				4A45AE501AF1405D0047EF8D /* Release */,
			);
			defaultConfigurationIsVisible = 0;
			defaultConfigurationName = Release;
		};
		4A45AE511AF1405D0047EF8D /* Build configuration list for PBXNativeTarget "SwoleTests" */ = {
			isa = XCConfigurationList;
			buildConfigurations = (
				4A45AE521AF1405D0047EF8D /* Debug */,
				4A45AE531AF1405D0047EF8D /* Release */,
			);
			defaultConfigurationIsVisible = 0;
			defaultConfigurationName = Release;
		};
/* End XCConfigurationList section */

/* Begin XCVersionGroup section */
		4A3BC6021AF1767600043291 /* Swole.xcdatamodeld */ = {
			isa = XCVersionGroup;
			children = (
				4A3BC6031AF1767600043291 /* Swole.xcdatamodel */,
			);
			currentVersion = 4A3BC6031AF1767600043291 /* Swole.xcdatamodel */;
			path = Swole.xcdatamodeld;
			sourceTree = "<group>";
			versionGroupType = wrapper.xcdatamodel;
		};
/* End XCVersionGroup section */
	};
	rootObject = 4A45AE231AF1405C0047EF8D /* Project object */;
}
